
Microsoft Visual Studio Solution File, Format Version 12.00
# Visual Studio Version 16
VisualStudioVersion = 25.0.1704.0
MinimumVisualStudioVersion = 10.0.40219.1
Project("{FAE04EC0-301F-11D3-BF4B-00C04F79EFBC}") = "ManifestBreweryClasses", "ManifestBreweryClasses\ManifestBreweryClasses.csproj", "{2219D658-6F6D-4BCE-91E8-D72004F7FBE1}"
EndProject
Project("{FAE04EC0-301F-11D3-BF4B-00C04F79EFBC}") = "ManifestTests", "ManifestTests\ManifestTests.csproj", "{72613A54-B71A-40B2-8187-15B680AA2648}"
EndProject
Project("{2150E333-8FDC-42A3-9474-1A3956D46DE8}") = "Solution Items", "Solution Items", "{A49A0242-F2E2-4E2E-8F73-CC1EA22B5789}"
	ProjectSection(SolutionItems) = preProject
		.editorconfig = .editorconfig
	EndProjectSection
EndProject
Global
	GlobalSection(SolutionConfigurationPlatforms) = preSolution
		Debug|Any CPU = Debug|Any CPU
		Release|Any CPU = Release|Any CPU
	EndGlobalSection
	GlobalSection(ProjectConfigurationPlatforms) = postSolution
		{2219D658-6F6D-4BCE-91E8-D72004F7FBE1}.Debug|Any CPU.ActiveCfg = Debug|Any CPU
		{2219D658-6F6D-4BCE-91E8-D72004F7FBE1}.Debug|Any CPU.Build.0 = Debug|Any CPU
		{2219D658-6F6D-4BCE-91E8-D72004F7FBE1}.Release|Any CPU.ActiveCfg = Release|Any CPU
		{2219D658-6F6D-4BCE-91E8-D72004F7FBE1}.Release|Any CPU.Build.0 = Release|Any CPU
		{72613A54-B71A-40B2-8187-15B680AA2648}.Debug|Any CPU.ActiveCfg = Debug|Any CPU
		{72613A54-B71A-40B2-8187-15B680AA2648}.Debug|Any CPU.Build.0 = Debug|Any CPU
		{72613A54-B71A-40B2-8187-15B680AA2648}.Release|Any CPU.ActiveCfg = Release|Any CPU
		{72613A54-B71A-40B2-8187-15B680AA2648}.Release|Any CPU.Build.0 = Release|Any CPU
	EndGlobalSection
	GlobalSection(SolutionProperties) = preSolution
		HideSolutionNode = FALSE
	EndGlobalSection
	GlobalSection(ExtensibilityGlobals) = postSolution
		SolutionGuid = {05839A85-D6A4-4B34-A19F-7F2D80468741}
	EndGlobalSection
EndGlobal
